// !$*UTF8*$!
{
	archiveVersion = 1;
	classes = {
	};
	objectVersion = 56;
	objects = {

/* Begin PBXBuildFile section */
		CECE136C2ABAA1F8004B0C6D /* ButtonModifierApp.swift in Sources */ = {isa = PBXBuildFile; fileRef = CECE136B2ABAA1F8004B0C6D /* ButtonModifierApp.swift */; };
		CECE136E2ABAA1F8004B0C6D /* ContentView.swift in Sources */ = {isa = PBXBuildFile; fileRef = CECE136D2ABAA1F8004B0C6D /* ContentView.swift */; };
		CECE13702ABAA1F9004B0C6D /* Assets.xcassets in Resources */ = {isa = PBXBuildFile; fileRef = CECE136F2ABAA1F9004B0C6D /* Assets.xcassets */; };
		CECE13732ABAA1F9004B0C6D /* Preview Assets.xcassets in Resources */ = {isa = PBXBuildFile; fileRef = CECE13722ABAA1F9004B0C6D /* Preview Assets.xcassets */; };
		CECE137D2ABAA1F9004B0C6D /* ButtonModifierTests.swift in Sources */ = {isa = PBXBuildFile; fileRef = CECE137C2ABAA1F9004B0C6D /* ButtonModifierTests.swift */; };
		CECE13872ABAA1F9004B0C6D /* ButtonModifierUITests.swift in Sources */ = {isa = PBXBuildFile; fileRef = CECE13862ABAA1F9004B0C6D /* ButtonModifierUITests.swift */; };
		CECE13892ABAA1F9004B0C6D /* ButtonModifierUITestsLaunchTests.swift in Sources */ = {isa = PBXBuildFile; fileRef = CECE13882ABAA1F9004B0C6D /* ButtonModifierUITestsLaunchTests.swift */; };
/* End PBXBuildFile section */

/* Begin PBXContainerItemProxy section */
		CECE13792ABAA1F9004B0C6D /* PBXContainerItemProxy */ = {
			isa = PBXContainerItemProxy;
			containerPortal = CECE13602ABAA1F8004B0C6D /* Project object */;
			proxyType = 1;
			remoteGlobalIDString = CECE13672ABAA1F8004B0C6D;
			remoteInfo = ButtonModifier;
		};
		CECE13832ABAA1F9004B0C6D /* PBXContainerItemProxy */ = {
			isa = PBXContainerItemProxy;
			containerPortal = CECE13602ABAA1F8004B0C6D /* Project object */;
			proxyType = 1;
			remoteGlobalIDString = CECE13672ABAA1F8004B0C6D;
			remoteInfo = ButtonModifier;
		};
/* End PBXContainerItemProxy section */

/* Begin PBXFileReference section */
		CECE13682ABAA1F8004B0C6D /* ButtonModifier.app */ = {isa = PBXFileReference; explicitFileType = wrapper.application; includeInIndex = 0; path = ButtonModifier.app; sourceTree = BUILT_PRODUCTS_DIR; };
		CECE136B2ABAA1F8004B0C6D /* ButtonModifierApp.swift */ = {isa = PBXFileReference; lastKnownFileType = sourcecode.swift; path = ButtonModifierApp.swift; sourceTree = "<group>"; };
		CECE136D2ABAA1F8004B0C6D /* ContentView.swift */ = {isa = PBXFileReference; lastKnownFileType = sourcecode.swift; path = ContentView.swift; sourceTree = "<group>"; };
		CECE136F2ABAA1F9004B0C6D /* Assets.xcassets */ = {isa = PBXFileReference; lastKnownFileType = folder.assetcatalog; path = Assets.xcassets; sourceTree = "<group>"; };
		CECE13722ABAA1F9004B0C6D /* Preview Assets.xcassets */ = {isa = PBXFileReference; lastKnownFileType = folder.assetcatalog; path = "Preview Assets.xcassets"; sourceTree = "<group>"; };
		CECE13782ABAA1F9004B0C6D /* ButtonModifierTests.xctest */ = {isa = PBXFileReference; explicitFileType = wrapper.cfbundle; includeInIndex = 0; path = ButtonModifierTests.xctest; sourceTree = BUILT_PRODUCTS_DIR; };
		CECE137C2ABAA1F9004B0C6D /* ButtonModifierTests.swift */ = {isa = PBXFileReference; lastKnownFileType = sourcecode.swift; path = ButtonModifierTests.swift; sourceTree = "<group>"; };
		CECE13822ABAA1F9004B0C6D /* ButtonModifierUITests.xctest */ = {isa = PBXFileReference; explicitFileType = wrapper.cfbundle; includeInIndex = 0; path = ButtonModifierUITests.xctest; sourceTree = BUILT_PRODUCTS_DIR; };
		CECE13862ABAA1F9004B0C6D /* ButtonModifierUITests.swift */ = {isa = PBXFileReference; lastKnownFileType = sourcecode.swift; path = ButtonModifierUITests.swift; sourceTree = "<group>"; };
		CECE13882ABAA1F9004B0C6D /* ButtonModifierUITestsLaunchTests.swift */ = {isa = PBXFileReference; lastKnownFileType = sourcecode.swift; path = ButtonModifierUITestsLaunchTests.swift; sourceTree = "<group>"; };
/* End PBXFileReference section */

/* Begin PBXFrameworksBuildPhase section */
		CECE13652ABAA1F8004B0C6D /* Frameworks */ = {
			isa = PBXFrameworksBuildPhase;
			buildActionMask = 2147483647;
			files = (
			);
			runOnlyForDeploymentPostprocessing = 0;
		};
		CECE13752ABAA1F9004B0C6D /* Frameworks */ = {
			isa = PBXFrameworksBuildPhase;
			buildActionMask = 2147483647;
			files = (
			);
			runOnlyForDeploymentPostprocessing = 0;
		};
		CECE137F2ABAA1F9004B0C6D /* Frameworks */ = {
			isa = PBXFrameworksBuildPhase;
			buildActionMask = 2147483647;
			files = (
			);
			runOnlyForDeploymentPostprocessing = 0;
		};
/* End PBXFrameworksBuildPhase section */

/* Begin PBXGroup section */
		CECE135F2ABAA1F8004B0C6D = {
			isa = PBXGroup;
			children = (
				CECE136A2ABAA1F8004B0C6D /* ButtonModifier */,
				CECE137B2ABAA1F9004B0C6D /* ButtonModifierTests */,
				CECE13852ABAA1F9004B0C6D /* ButtonModifierUITests */,
				CECE13692ABAA1F8004B0C6D /* Products */,
			);
			sourceTree = "<group>";
		};
		CECE13692ABAA1F8004B0C6D /* Products */ = {
			isa = PBXGroup;
			children = (
				CECE13682ABAA1F8004B0C6D /* ButtonModifier.app */,
				CECE13782ABAA1F9004B0C6D /* ButtonModifierTests.xctest */,
				CECE13822ABAA1F9004B0C6D /* ButtonModifierUITests.xctest */,
			);
			name = Products;
			sourceTree = "<group>";
		};
		CECE136A2ABAA1F8004B0C6D /* ButtonModifier */ = {
			isa = PBXGroup;
			children = (
				CECE136B2ABAA1F8004B0C6D /* ButtonModifierApp.swift */,
				CECE136D2ABAA1F8004B0C6D /* ContentView.swift */,
				CECE136F2ABAA1F9004B0C6D /* Assets.xcassets */,
				CECE13712ABAA1F9004B0C6D /* Preview Content */,
			);
			path = ButtonModifier;
			sourceTree = "<group>";
		};
		CECE13712ABAA1F9004B0C6D /* Preview Content */ = {
			isa = PBXGroup;
			children = (
				CECE13722ABAA1F9004B0C6D /* Preview Assets.xcassets */,
			);
			path = "Preview Content";
			sourceTree = "<group>";
		};
		CECE137B2ABAA1F9004B0C6D /* ButtonModifierTests */ = {
			isa = PBXGroup;
			children = (
				CECE137C2ABAA1F9004B0C6D /* ButtonModifierTests.swift */,
			);
			path = ButtonModifierTests;
			sourceTree = "<group>";
		};
		CECE13852ABAA1F9004B0C6D /* ButtonModifierUITests */ = {
			isa = PBXGroup;
			children = (
				CECE13862ABAA1F9004B0C6D /* ButtonModifierUITests.swift */,
				CECE13882ABAA1F9004B0C6D /* ButtonModifierUITestsLaunchTests.swift */,
			);
			path = ButtonModifierUITests;
			sourceTree = "<group>";
		};
/* End PBXGroup section */

/* Begin PBXNativeTarget section */
		CECE13672ABAA1F8004B0C6D /* ButtonModifier */ = {
			isa = PBXNativeTarget;
			buildConfigurationList = CECE138C2ABAA1F9004B0C6D /* Build configuration list for PBXNativeTarget "ButtonModifier" */;
			buildPhases = (
				CECE13642ABAA1F8004B0C6D /* Sources */,
				CECE13652ABAA1F8004B0C6D /* Frameworks */,
				CECE13662ABAA1F8004B0C6D /* Resources */,
			);
			buildRules = (
			);
			dependencies = (
			);
			name = ButtonModifier;
			productName = ButtonModifier;
			productReference = CECE13682ABAA1F8004B0C6D /* ButtonModifier.app */;
			productType = "com.apple.product-type.application";
		};
		CECE13772ABAA1F9004B0C6D /* ButtonModifierTests */ = {
			isa = PBXNativeTarget;
			buildConfigurationList = CECE138F2ABAA1F9004B0C6D /* Build configuration list for PBXNativeTarget "ButtonModifierTests" */;
			buildPhases = (
				CECE13742ABAA1F9004B0C6D /* Sources */,
				CECE13752ABAA1F9004B0C6D /* Frameworks */,
				CECE13762ABAA1F9004B0C6D /* Resources */,
			);
			buildRules = (
			);
			dependencies = (
				CECE137A2ABAA1F9004B0C6D /* PBXTargetDependency */,
			);
			name = ButtonModifierTests;
			productName = ButtonModifierTests;
			productReference = CECE13782ABAA1F9004B0C6D /* ButtonModifierTests.xctest */;
			productType = "com.apple.product-type.bundle.unit-test";
		};
		CECE13812ABAA1F9004B0C6D /* ButtonModifierUITests */ = {
			isa = PBXNativeTarget;
			buildConfigurationList = CECE13922ABAA1F9004B0C6D /* Build configuration list for PBXNativeTarget "ButtonModifierUITests" */;
			buildPhases = (
				CECE137E2ABAA1F9004B0C6D /* Sources */,
				CECE137F2ABAA1F9004B0C6D /* Frameworks */,
				CECE13802ABAA1F9004B0C6D /* Resources */,
			);
			buildRules = (
			);
			dependencies = (
				CECE13842ABAA1F9004B0C6D /* PBXTargetDependency */,
			);
			name = ButtonModifierUITests;
			productName = ButtonModifierUITests;
			productReference = CECE13822ABAA1F9004B0C6D /* ButtonModifierUITests.xctest */;
			productType = "com.apple.product-type.bundle.ui-testing";
		};
/* End PBXNativeTarget section */

/* Begin PBXProject section */
		CECE13602ABAA1F8004B0C6D /* Project object */ = {
			isa = PBXProject;
			attributes = {
				BuildIndependentTargetsInParallel = 1;
				LastSwiftUpdateCheck = 1500;
				LastUpgradeCheck = 1500;
				TargetAttributes = {
					CECE13672ABAA1F8004B0C6D = {
						CreatedOnToolsVersion = 15.0;
					};
					CECE13772ABAA1F9004B0C6D = {
						CreatedOnToolsVersion = 15.0;
						TestTargetID = CECE13672ABAA1F8004B0C6D;
					};
					CECE13812ABAA1F9004B0C6D = {
						CreatedOnToolsVersion = 15.0;
						TestTargetID = CECE13672ABAA1F8004B0C6D;
					};
				};
			};
			buildConfigurationList = CECE13632ABAA1F8004B0C6D /* Build configuration list for PBXProject "ButtonModifier" */;
			compatibilityVersion = "Xcode 14.0";
			developmentRegion = en;
			hasScannedForEncodings = 0;
			knownRegions = (
				en,
				Base,
			);
			mainGroup = CECE135F2ABAA1F8004B0C6D;
			productRefGroup = CECE13692ABAA1F8004B0C6D /* Products */;
			projectDirPath = "";
			projectRoot = "";
			targets = (
				CECE13672ABAA1F8004B0C6D /* ButtonModifier */,
				CECE13772ABAA1F9004B0C6D /* ButtonModifierTests */,
				CECE13812ABAA1F9004B0C6D /* ButtonModifierUITests */,
			);
		};
/* End PBXProject section */

/* Begin PBXResourcesBuildPhase section */
		CECE13662ABAA1F8004B0C6D /* Resources */ = {
			isa = PBXResourcesBuildPhase;
			buildActionMask = 2147483647;
			files = (
				CECE13732ABAA1F9004B0C6D /* Preview Assets.xcassets in Resources */,
				CECE13702ABAA1F9004B0C6D /* Assets.xcassets in Resources */,
			);
			runOnlyForDeploymentPostprocessing = 0;
		};
		CECE13762ABAA1F9004B0C6D /* Resources */ = {
			isa = PBXResourcesBuildPhase;
			buildActionMask = 2147483647;
			files = (
			);
			runOnlyForDeploymentPostprocessing = 0;
		};
		CECE13802ABAA1F9004B0C6D /* Resources */ = {
			isa = PBXResourcesBuildPhase;
			buildActionMask = 2147483647;
			files = (
			);
			runOnlyForDeploymentPostprocessing = 0;
		};
/* End PBXResourcesBuildPhase section */

/* Begin PBXSourcesBuildPhase section */
		CECE13642ABAA1F8004B0C6D /* Sources */ = {
			isa = PBXSourcesBuildPhase;
			buildActionMask = 2147483647;
			files = (
				CECE136E2ABAA1F8004B0C6D /* ContentView.swift in Sources */,
				CECE136C2ABAA1F8004B0C6D /* ButtonModifierApp.swift in Sources */,
			);
			runOnlyForDeploymentPostprocessing = 0;
		};
		CECE13742ABAA1F9004B0C6D /* Sources */ = {
			isa = PBXSourcesBuildPhase;
			buildActionMask = 2147483647;
			files = (
				CECE137D2ABAA1F9004B0C6D /* ButtonModifierTests.swift in Sources */,
			);
			runOnlyForDeploymentPostprocessing = 0;
		};
		CECE137E2ABAA1F9004B0C6D /* Sources */ = {
			isa = PBXSourcesBuildPhase;
			buildActionMask = 2147483647;
			files = (
				CECE13872ABAA1F9004B0C6D /* ButtonModifierUITests.swift in Sources */,
				CECE13892ABAA1F9004B0C6D /* ButtonModifierUITestsLaunchTests.swift in Sources */,
			);
			runOnlyForDeploymentPostprocessing = 0;
		};
/* End PBXSourcesBuildPhase section */

/* Begin PBXTargetDependency section */
		CECE137A2ABAA1F9004B0C6D /* PBXTargetDependency */ = {
			isa = PBXTargetDependency;
			target = CECE13672ABAA1F8004B0C6D /* ButtonModifier */;
			targetProxy = CECE13792ABAA1F9004B0C6D /* PBXContainerItemProxy */;
		};
		CECE13842ABAA1F9004B0C6D /* PBXTargetDependency */ = {
			isa = PBXTargetDependency;
			target = CECE13672ABAA1F8004B0C6D /* ButtonModifier */;
			targetProxy = CECE13832ABAA1F9004B0C6D /* PBXContainerItemProxy */;
		};
/* End PBXTargetDependency section */

/* Begin XCBuildConfiguration section */
		CECE138A2ABAA1F9004B0C6D /* Debug */ = {
			isa = XCBuildConfiguration;
			buildSettings = {
				ALWAYS_SEARCH_USER_PATHS = NO;
				ASSETCATALOG_COMPILER_GENERATE_SWIFT_ASSET_SYMBOL_EXTENSIONS = YES;
				CLANG_ANALYZER_NONNULL = YES;
				CLANG_ANALYZER_NUMBER_OBJECT_CONVERSION = YES_AGGRESSIVE;
				CLANG_CXX_LANGUAGE_STANDARD = "gnu++20";
				CLANG_ENABLE_MODULES = YES;
				CLANG_ENABLE_OBJC_ARC = YES;
				CLANG_ENABLE_OBJC_WEAK = YES;
				CLANG_WARN_BLOCK_CAPTURE_AUTORELEASING = YES;
				CLANG_WARN_BOOL_CONVERSION = YES;
				CLANG_WARN_COMMA = YES;
				CLANG_WARN_CONSTANT_CONVERSION = YES;
				CLANG_WARN_DEPRECATED_OBJC_IMPLEMENTATIONS = YES;
				CLANG_WARN_DIRECT_OBJC_ISA_USAGE = YES_ERROR;
				CLANG_WARN_DOCUMENTATION_COMMENTS = YES;
				CLANG_WARN_EMPTY_BODY = YES;
				CLANG_WARN_ENUM_CONVERSION = YES;
				CLANG_WARN_INFINITE_RECURSION = YES;
				CLANG_WARN_INT_CONVERSION = YES;
				CLANG_WARN_NON_LITERAL_NULL_CONVERSION = YES;
				CLANG_WARN_OBJC_IMPLICIT_RETAIN_SELF = YES;
				CLANG_WARN_OBJC_LITERAL_CONVERSION = YES;
				CLANG_WARN_OBJC_ROOT_CLASS = YES_ERROR;
				CLANG_WARN_QUOTED_INCLUDE_IN_FRAMEWORK_HEADER = YES;
				CLANG_WARN_RANGE_LOOP_ANALYSIS = YES;
				CLANG_WARN_STRICT_PROTOTYPES = YES;
				CLANG_WARN_SUSPICIOUS_MOVE = YES;
				CLANG_WARN_UNGUARDED_AVAILABILITY = YES_AGGRESSIVE;
				CLANG_WARN_UNREACHABLE_CODE = YES;
				CLANG_WARN__DUPLICATE_METHOD_MATCH = YES;
				COPY_PHASE_STRIP = NO;
				DEBUG_INFORMATION_FORMAT = dwarf;
				ENABLE_STRICT_OBJC_MSGSEND = YES;
				ENABLE_TESTABILITY = YES;
				ENABLE_USER_SCRIPT_SANDBOXING = YES;
				GCC_C_LANGUAGE_STANDARD = gnu17;
				GCC_DYNAMIC_NO_PIC = NO;
				GCC_NO_COMMON_BLOCKS = YES;
				GCC_OPTIMIZATION_LEVEL = 0;
				GCC_PREPROCESSOR_DEFINITIONS = (
					"DEBUG=1",
					"$(inherited)",
				);
				GCC_WARN_64_TO_32_BIT_CONVERSION = YES;
				GCC_WARN_ABOUT_RETURN_TYPE = YES_ERROR;
				GCC_WARN_UNDECLARED_SELECTOR = YES;
				GCC_WARN_UNINITIALIZED_AUTOS = YES_AGGRESSIVE;
				GCC_WARN_UNUSED_FUNCTION = YES;
				GCC_WARN_UNUSED_VARIABLE = YES;
				IPHONEOS_DEPLOYMENT_TARGET = 17.0;
				LOCALIZATION_PREFERS_STRING_CATALOGS = YES;
				MTL_ENABLE_DEBUG_INFO = INCLUDE_SOURCE;
				MTL_FAST_MATH = YES;
				ONLY_ACTIVE_ARCH = YES;
				SDKROOT = iphoneos;
				SWIFT_ACTIVE_COMPILATION_CONDITIONS = "DEBUG $(inherited)";
				SWIFT_OPTIMIZATION_LEVEL = "-Onone";
			};
			name = Debug;
		};
		CECE138B2ABAA1F9004B0C6D /* Release */ = {
			isa = XCBuildConfiguration;
			buildSettings = {
				ALWAYS_SEARCH_USER_PATHS = NO;
				ASSETCATALOG_COMPILER_GENERATE_SWIFT_ASSET_SYMBOL_EXTENSIONS = YES;
				CLANG_ANALYZER_NONNULL = YES;
				CLANG_ANALYZER_NUMBER_OBJECT_CONVERSION = YES_AGGRESSIVE;
				CLANG_CXX_LANGUAGE_STANDARD = "gnu++20";
				CLANG_ENABLE_MODULES = YES;
				CLANG_ENABLE_OBJC_ARC = YES;
				CLANG_ENABLE_OBJC_WEAK = YES;
				CLANG_WARN_BLOCK_CAPTURE_AUTORELEASING = YES;
				CLANG_WARN_BOOL_CONVERSION = YES;
				CLANG_WARN_COMMA = YES;
				CLANG_WARN_CONSTANT_CONVERSION = YES;
				CLANG_WARN_DEPRECATED_OBJC_IMPLEMENTATIONS = YES;
				CLANG_WARN_DIRECT_OBJC_ISA_USAGE = YES_ERROR;
				CLANG_WARN_DOCUMENTATION_COMMENTS = YES;
				CLANG_WARN_EMPTY_BODY = YES;
				CLANG_WARN_ENUM_CONVERSION = YES;
				CLANG_WARN_INFINITE_RECURSION = YES;
				CLANG_WARN_INT_CONVERSION = YES;
				CLANG_WARN_NON_LITERAL_NULL_CONVERSION = YES;
				CLANG_WARN_OBJC_IMPLICIT_RETAIN_SELF = YES;
				CLANG_WARN_OBJC_LITERAL_CONVERSION = YES;
				CLANG_WARN_OBJC_ROOT_CLASS = YES_ERROR;
				CLANG_WARN_QUOTED_INCLUDE_IN_FRAMEWORK_HEADER = YES;
				CLANG_WARN_RANGE_LOOP_ANALYSIS = YES;
				CLANG_WARN_STRICT_PROTOTYPES = YES;
				CLANG_WARN_SUSPICIOUS_MOVE = YES;
				CLANG_WARN_UNGUARDED_AVAILABILITY = YES_AGGRESSIVE;
				CLANG_WARN_UNREACHABLE_CODE = YES;
				CLANG_WARN__DUPLICATE_METHOD_MATCH = YES;
				COPY_PHASE_STRIP = NO;
				DEBUG_INFORMATION_FORMAT = "dwarf-with-dsym";
				ENABLE_NS_ASSERTIONS = NO;
				ENABLE_STRICT_OBJC_MSGSEND = YES;
				ENABLE_USER_SCRIPT_SANDBOXING = YES;
				GCC_C_LANGUAGE_STANDARD = gnu17;
				GCC_NO_COMMON_BLOCKS = YES;
				GCC_WARN_64_TO_32_BIT_CONVERSION = YES;
				GCC_WARN_ABOUT_RETURN_TYPE = YES_ERROR;
				GCC_WARN_UNDECLARED_SELECTOR = YES;
				GCC_WARN_UNINITIALIZED_AUTOS = YES_AGGRESSIVE;
				GCC_WARN_UNUSED_FUNCTION = YES;
				GCC_WARN_UNUSED_VARIABLE = YES;
				IPHONEOS_DEPLOYMENT_TARGET = 17.0;
				LOCALIZATION_PREFERS_STRING_CATALOGS = YES;
				MTL_ENABLE_DEBUG_INFO = NO;
				MTL_FAST_MATH = YES;
				SDKROOT = iphoneos;
				SWIFT_COMPILATION_MODE = wholemodule;
				VALIDATE_PRODUCT = YES;
			};
			name = Release;
		};
		CECE138D2ABAA1F9004B0C6D /* Debug */ = {
			isa = XCBuildConfiguration;
			buildSettings = {
				ASSETCATALOG_COMPILER_APPICON_NAME = AppIcon;
				ASSETCATALOG_COMPILER_GLOBAL_ACCENT_COLOR_NAME = AccentColor;
				CODE_SIGN_STYLE = Automatic;
				CURRENT_PROJECT_VERSION = 1;
				DEVELOPMENT_ASSET_PATHS = "\"ButtonModifier/Preview Content\"";
				DEVELOPMENT_TEAM = VG6X56U288;
				ENABLE_PREVIEWS = YES;
				GENERATE_INFOPLIST_FILE = YES;
				INFOPLIST_KEY_UIApplicationSceneManifest_Generation = YES;
				INFOPLIST_KEY_UIApplicationSupportsIndirectInputEvents = YES;
				INFOPLIST_KEY_UILaunchScreen_Generation = YES;
				INFOPLIST_KEY_UISupportedInterfaceOrientations_iPad = "UIInterfaceOrientationPortrait UIInterfaceOrientationPortraitUpsideDown UIInterfaceOrientationLandscapeLeft UIInterfaceOrientationLandscapeRight";
				INFOPLIST_KEY_UISupportedInterfaceOrientations_iPhone = "UIInterfaceOrientationPortrait UIInterfaceOrientationLandscapeLeft UIInterfaceOrientationLandscapeRight";
				LD_RUNPATH_SEARCH_PATHS = (
					"$(inherited)",
					"@executable_path/Frameworks",
				);
				MARKETING_VERSION = 1.0;
				PRODUCT_BUNDLE_IDENTIFIER = hot.match.app.ButtonModifier;
				PRODUCT_NAME = "$(TARGET_NAME)";
				SWIFT_EMIT_LOC_STRINGS = YES;
				SWIFT_VERSION = 5.0;
				TARGETED_DEVICE_FAMILY = "1,2";
			};
			name = Debug;
		};
		CECE138E2ABAA1F9004B0C6D /* Release */ = {
			isa = XCBuildConfiguration;
			buildSettings = {
				ASSETCATALOG_COMPILER_APPICON_NAME = AppIcon;
				ASSETCATALOG_COMPILER_GLOBAL_ACCENT_COLOR_NAME = AccentColor;
				CODE_SIGN_STYLE = Automatic;
				CURRENT_PROJECT_VERSION = 1;
				DEVELOPMENT_ASSET_PATHS = "\"ButtonModifier/Preview Content\"";
				DEVELOPMENT_TEAM = VG6X56U288;
				ENABLE_PREVIEWS = YES;
				GENERATE_INFOPLIST_FILE = YES;
				INFOPLIST_KEY_UIApplicationSceneManifest_Generation = YES;
				INFOPLIST_KEY_UIApplicationSupportsIndirectInputEvents = YES;
				INFOPLIST_KEY_UILaunchScreen_Generation = YES;
				INFOPLIST_KEY_UISupportedInterfaceOrientations_iPad = "UIInterfaceOrientationPortrait UIInterfaceOrientationPortraitUpsideDown UIInterfaceOrientationLandscapeLeft UIInterfaceOrientationLandscapeRight";
				INFOPLIST_KEY_UISupportedInterfaceOrientations_iPhone = "UIInterfaceOrientationPortrait UIInterfaceOrientationLandscapeLeft UIInterfaceOrientationLandscapeRight";
				LD_RUNPATH_SEARCH_PATHS = (
					"$(inherited)",
					"@executable_path/Frameworks",
				);
				MARKETING_VERSION = 1.0;
				PRODUCT_BUNDLE_IDENTIFIER = hot.match.app.ButtonModifier;
				PRODUCT_NAME = "$(TARGET_NAME)";
				SWIFT_EMIT_LOC_STRINGS = YES;
				SWIFT_VERSION = 5.0;
				TARGETED_DEVICE_FAMILY = "1,2";
			};
			name = Release;
		};
		CECE13902ABAA1F9004B0C6D /* Debug */ = {
			isa = XCBuildConfiguration;
			buildSettings = {
				ALWAYS_EMBED_SWIFT_STANDARD_LIBRARIES = YES;
				BUNDLE_LOADER = "$(TEST_HOST)";
				CODE_SIGN_STYLE = Automatic;
				CURRENT_PROJECT_VERSION = 1;
				DEVELOPMENT_TEAM = VG6X56U288;
				GENERATE_INFOPLIST_FILE = YES;
				IPHONEOS_DEPLOYMENT_TARGET = 17.0;
				MARKETING_VERSION = 1.0;
				PRODUCT_BUNDLE_IDENTIFIER = hot.match.app.ButtonModifierTests;
				PRODUCT_NAME = "$(TARGET_NAME)";
				SWIFT_EMIT_LOC_STRINGS = NO;
				SWIFT_VERSION = 5.0;
				TARGETED_DEVICE_FAMILY = "1,2";
				TEST_HOST = "$(BUILT_PRODUCTS_DIR)/ButtonModifier.app/$(BUNDLE_EXECUTABLE_FOLDER_PATH)/ButtonModifier";
			};
			name = Debug;
		};
		CECE13912ABAA1F9004B0C6D /* Release */ = {
			isa = XCBuildConfiguration;
			buildSettings = {
				ALWAYS_EMBED_SWIFT_STANDARD_LIBRARIES = YES;
				BUNDLE_LOADER = "$(TEST_HOST)";
				CODE_SIGN_STYLE = Automatic;
				CURRENT_PROJECT_VERSION = 1;
				DEVELOPMENT_TEAM = VG6X56U288;
				GENERATE_INFOPLIST_FILE = YES;
				IPHONEOS_DEPLOYMENT_TARGET = 17.0;
				MARKETING_VERSION = 1.0;
				PRODUCT_BUNDLE_IDENTIFIER = hot.match.app.ButtonModifierTests;
				PRODUCT_NAME = "$(TARGET_NAME)";
				SWIFT_EMIT_LOC_STRINGS = NO;
				SWIFT_VERSION = 5.0;
				TARGETED_DEVICE_FAMILY = "1,2";
				TEST_HOST = "$(BUILT_PRODUCTS_DIR)/ButtonModifier.app/$(BUNDLE_EXECUTABLE_FOLDER_PATH)/ButtonModifier";
			};
			name = Release;
		};
		CECE13932ABAA1F9004B0C6D /* Debug */ = {
			isa = XCBuildConfiguration;
			buildSettings = {
				ALWAYS_EMBED_SWIFT_STANDARD_LIBRARIES = YES;
				CODE_SIGN_STYLE = Automatic;
				CURRENT_PROJECT_VERSION = 1;
				DEVELOPMENT_TEAM = VG6X56U288;
				GENERATE_INFOPLIST_FILE = YES;
				MARKETING_VERSION = 1.0;
				PRODUCT_BUNDLE_IDENTIFIER = hot.match.app.ButtonModifierUITests;
				PRODUCT_NAME = "$(TARGET_NAME)";
				SWIFT_EMIT_LOC_STRINGS = NO;
				SWIFT_VERSION = 5.0;
				TARGETED_DEVICE_FAMILY = "1,2";
				TEST_TARGET_NAME = ButtonModifier;
			};
			name = Debug;
		};
		CECE13942ABAA1F9004B0C6D /* Release */ = {
			isa = XCBuildConfiguration;
			buildSettings = {
				ALWAYS_EMBED_SWIFT_STANDARD_LIBRARIES = YES;
				CODE_SIGN_STYLE = Automatic;
				CURRENT_PROJECT_VERSION = 1;
				DEVELOPMENT_TEAM = VG6X56U288;
				GENERATE_INFOPLIST_FILE = YES;
				MARKETING_VERSION = 1.0;
				PRODUCT_BUNDLE_IDENTIFIER = hot.match.app.ButtonModifierUITests;
				PRODUCT_NAME = "$(TARGET_NAME)";
				SWIFT_EMIT_LOC_STRINGS = NO;
				SWIFT_VERSION = 5.0;
				TARGETED_DEVICE_FAMILY = "1,2";
				TEST_TARGET_NAME = ButtonModifier;
			};
			name = Release;
		};
/* End XCBuildConfiguration section */

/* Begin XCConfigurationList section */
		CECE13632ABAA1F8004B0C6D /* Build configuration list for PBXProject "ButtonModifier" */ = {
			isa = XCConfigurationList;
			buildConfigurations = (
				CECE138A2ABAA1F9004B0C6D /* Debug */,
				CECE138B2ABAA1F9004B0C6D /* Release */,
			);
			defaultConfigurationIsVisible = 0;
			defaultConfigurationName = Release;
		};
		CECE138C2ABAA1F9004B0C6D /* Build configuration list for PBXNativeTarget "ButtonModifier" */ = {
			isa = XCConfigurationList;
			buildConfigurations = (
				CECE138D2ABAA1F9004B0C6D /* Debug */,
				CECE138E2ABAA1F9004B0C6D /* Release */,
			);
			defaultConfigurationIsVisible = 0;
			defaultConfigurationName = Release;
		};
		CECE138F2ABAA1F9004B0C6D /* Build configuration list for PBXNativeTarget "ButtonModifierTests" */ = {
			isa = XCConfigurationList;
			buildConfigurations = (
				CECE13902ABAA1F9004B0C6D /* Debug */,
				CECE13912ABAA1F9004B0C6D /* Release */,
			);
			defaultConfigurationIsVisible = 0;
			defaultConfigurationName = Release;
		};
		CECE13922ABAA1F9004B0C6D /* Build configuration list for PBXNativeTarget "ButtonModifierUITests" */ = {
			isa = XCConfigurationList;
			buildConfigurations = (
				CECE13932ABAA1F9004B0C6D /* Debug */,
				CECE13942ABAA1F9004B0C6D /* Release */,
			);
			defaultConfigurationIsVisible = 0;
			defaultConfigurationName = Release;
		};
/* End XCConfigurationList section */
	};
	rootObject = CECE13602ABAA1F8004B0C6D /* Project object */;
}
